
Microsoft Visual Studio Solution File, Format Version 12.00
# Visual Studio Version 17
VisualStudioVersion = 17.5.33516.290
MinimumVisualStudioVersion = 10.0.40219.1
Project("{FAE04EC0-301F-11D3-BF4B-00C04F79EFBC}") = "Prueba22-6", "Prueba22-6\Prueba22-6.csproj", "{A0228DF6-D53B-43CB-8BE1-F1A252B0948E}"
EndProject
Global
	GlobalSection(SolutionConfigurationPlatforms) = preSolution
		Debug|Any CPU = Debug|Any CPU
		Release|Any CPU = Release|Any CPU
	EndGlobalSection
	GlobalSection(ProjectConfigurationPlatforms) = postSolution
		{A0228DF6-D53B-43CB-8BE1-F1A252B0948E}.Debug|Any CPU.ActiveCfg = Debug|Any CPU
		{A0228DF6-D53B-43CB-8BE1-F1A252B0948E}.Debug|Any CPU.Build.0 = Debug|Any CPU
		{A0228DF6-D53B-43CB-8BE1-F1A252B0948E}.Release|Any CPU.ActiveCfg = Release|Any CPU
		{A0228DF6-D53B-43CB-8BE1-F1A252B0948E}.Release|Any CPU.Build.0 = Release|Any CPU
	EndGlobalSection
	GlobalSection(SolutionProperties) = preSolution
		HideSolutionNode = FALSE
	EndGlobalSection
	GlobalSection(ExtensibilityGlobals) = postSolution
		SolutionGuid = {A35AC5D5-AF25-4967-8696-E4922200CB57}
	EndGlobalSection
EndGlobal
